
Microsoft Visual Studio Solution File, Format Version 12.00
# Visual Studio Version 16
VisualStudioVersion = 16.0.30104.148
MinimumVisualStudioVersion = 10.0.40219.1
Project("{FAE04EC0-301F-11D3-BF4B-00C04F79EFBC}") = "ProjetoAtleta", "ProjetoAtleta\ProjetoAtleta.csproj", "{AEABC2B8-BE74-4189-855E-4C5548903A06}"
EndProject
Global
	GlobalSection(SolutionConfigurationPlatforms) = preSolution
		Debug|Any CPU = Debug|Any CPU
		Release|Any CPU = Release|Any CPU
	EndGlobalSection
	GlobalSection(ProjectConfigurationPlatforms) = postSolution
		{AEABC2B8-BE74-4189-855E-4C5548903A06}.Debug|Any CPU.ActiveCfg = Debug|Any CPU
		{AEABC2B8-BE74-4189-855E-4C5548903A06}.Debug|Any CPU.Build.0 = Debug|Any CPU
		{AEABC2B8-BE74-4189-855E-4C5548903A06}.Release|Any CPU.ActiveCfg = Release|Any CPU
		{AEABC2B8-BE74-4189-855E-4C5548903A06}.Release|Any CPU.Build.0 = Release|Any CPU
	EndGlobalSection
	GlobalSection(SolutionProperties) = preSolution
		HideSolutionNode = FALSE
	EndGlobalSection
	GlobalSection(ExtensibilityGlobals) = postSolution
		SolutionGuid = {B5BB005A-8E6D-4888-A460-B58134ECBD8A}
	EndGlobalSection
EndGlobal
